// !$*UTF8*$!
{
	archiveVersion = 1;
	classes = {
	};
	objectVersion = 46;
	objects = {

/* Begin PBXBuildFile section */
		2DD232F51D5B21040085257F /* main.m in Sources */ = {isa = PBXBuildFile; fileRef = 2DD232F41D5B21040085257F /* main.m */; };
		2DD232F81D5B21040085257F /* AppDelegate.m in Sources */ = {isa = PBXBuildFile; fileRef = 2DD232F71D5B21040085257F /* AppDelegate.m */; };
		2DD232FB1D5B21040085257F /* ViewController.m in Sources */ = {isa = PBXBuildFile; fileRef = 2DD232FA1D5B21040085257F /* ViewController.m */; };
		2DD232FE1D5B21040085257F /* Main.storyboard in Resources */ = {isa = PBXBuildFile; fileRef = 2DD232FC1D5B21040085257F /* Main.storyboard */; };
		2DD233001D5B21040085257F /* Assets.xcassets in Resources */ = {isa = PBXBuildFile; fileRef = 2DD232FF1D5B21040085257F /* Assets.xcassets */; };
		2DD233031D5B21040085257F /* LaunchScreen.storyboard in Resources */ = {isa = PBXBuildFile; fileRef = 2DD233011D5B21040085257F /* LaunchScreen.storyboard */; };
		AAB68247A77E47EFD6CF9D46 /* libPods-TemplateApp.a in Frameworks */ = {isa = PBXBuildFile; fileRef = FC325FC72C8567D6C1496625 /* libPods-TemplateApp.a */; };
/* End PBXBuildFile section */

/* Begin PBXFileReference section */
		1CFA00ADA2C9E6A588338FB0 /* Pods-TemplateApp.release.xcconfig */ = {isa = PBXFileReference; includeInIndex = 1; lastKnownFileType = text.xcconfig; name = "Pods-TemplateApp.release.xcconfig"; path = "Pods/Target Support Files/Pods-TemplateApp/Pods-TemplateApp.release.xcconfig"; sourceTree = "<group>"; };
		2D2C7C891D5D785200043EB7 /* TemplateApp-Prefix.pch */ = {isa = PBXFileReference; lastKnownFileType = sourcecode.c.h; path = "TemplateApp-Prefix.pch"; sourceTree = "<group>"; };
		2DD232F01D5B21040085257F /* TemplateApp.app */ = {isa = PBXFileReference; explicitFileType = wrapper.application; includeInIndex = 0; path = TemplateApp.app; sourceTree = BUILT_PRODUCTS_DIR; };
		2DD232F41D5B21040085257F /* main.m */ = {isa = PBXFileReference; lastKnownFileType = sourcecode.c.objc; path = main.m; sourceTree = "<group>"; };
		2DD232F61D5B21040085257F /* AppDelegate.h */ = {isa = PBXFileReference; lastKnownFileType = sourcecode.c.h; path = AppDelegate.h; sourceTree = "<group>"; };
		2DD232F71D5B21040085257F /* AppDelegate.m */ = {isa = PBXFileReference; lastKnownFileType = sourcecode.c.objc; path = AppDelegate.m; sourceTree = "<group>"; };
		2DD232F91D5B21040085257F /* ViewController.h */ = {isa = PBXFileReference; lastKnownFileType = sourcecode.c.h; path = ViewController.h; sourceTree = "<group>"; };
		2DD232FA1D5B21040085257F /* ViewController.m */ = {isa = PBXFileReference; lastKnownFileType = sourcecode.c.objc; path = ViewController.m; sourceTree = "<group>"; };
		2DD232FD1D5B21040085257F /* Base */ = {isa = PBXFileReference; lastKnownFileType = file.storyboard; name = Base; path = Base.lproj/Main.storyboard; sourceTree = "<group>"; };
		2DD232FF1D5B21040085257F /* Assets.xcassets */ = {isa = PBXFileReference; lastKnownFileType = folder.assetcatalog; path = Assets.xcassets; sourceTree = "<group>"; };
		2DD233021D5B21040085257F /* Base */ = {isa = PBXFileReference; lastKnownFileType = file.storyboard; name = Base; path = Base.lproj/LaunchScreen.storyboard; sourceTree = "<group>"; };
		2DD233041D5B21040085257F /* Info.plist */ = {isa = PBXFileReference; lastKnownFileType = text.plist.xml; path = Info.plist; sourceTree = "<group>"; };
		8C296E37DE576C3E597F31C1 /* Pods-TemplateApp.debug.xcconfig */ = {isa = PBXFileReference; includeInIndex = 1; lastKnownFileType = text.xcconfig; name = "Pods-TemplateApp.debug.xcconfig"; path = "Pods/Target Support Files/Pods-TemplateApp/Pods-TemplateApp.debug.xcconfig"; sourceTree = "<group>"; };
		FC325FC72C8567D6C1496625 /* libPods-TemplateApp.a */ = {isa = PBXFileReference; explicitFileType = archive.ar; includeInIndex = 0; path = "libPods-TemplateApp.a"; sourceTree = BUILT_PRODUCTS_DIR; };
/* End PBXFileReference section */

/* Begin PBXFrameworksBuildPhase section */
		2DD232ED1D5B21040085257F /* Frameworks */ = {
			isa = PBXFrameworksBuildPhase;
			buildActionMask = 2147483647;
			files = (
				AAB68247A77E47EFD6CF9D46 /* libPods-TemplateApp.a in Frameworks */,
			);
			runOnlyForDeploymentPostprocessing = 0;
		};
/* End PBXFrameworksBuildPhase section */

/* Begin PBXGroup section */
		2DD232E71D5B21040085257F = {
			isa = PBXGroup;
			children = (
				2DD232F21D5B21040085257F /* TemplateApp */,
				2DD232F11D5B21040085257F /* Products */,
				92EB82CBA0981DDB42F2910F /* Pods */,
				576B2C9AB3952E49A283631F /* Frameworks */,
			);
			sourceTree = "<group>";
		};
		2DD232F11D5B21040085257F /* Products */ = {
			isa = PBXGroup;
			children = (
				2DD232F01D5B21040085257F /* TemplateApp.app */,
			);
			name = Products;
			sourceTree = "<group>";
		};
		2DD232F21D5B21040085257F /* TemplateApp */ = {
			isa = PBXGroup;
			children = (
				2DD232F61D5B21040085257F /* AppDelegate.h */,
				2DD232F71D5B21040085257F /* AppDelegate.m */,
				2DD232F91D5B21040085257F /* ViewController.h */,
				2DD232FA1D5B21040085257F /* ViewController.m */,
				2DD232FC1D5B21040085257F /* Main.storyboard */,
				2DD232FF1D5B21040085257F /* Assets.xcassets */,
				2DD233011D5B21040085257F /* LaunchScreen.storyboard */,
				2DD233041D5B21040085257F /* Info.plist */,
				2DD232F31D5B21040085257F /* Supporting Files */,
				2D2C7C891D5D785200043EB7 /* TemplateApp-Prefix.pch */,
			);
			path = TemplateApp;
			sourceTree = "<group>";
		};
		2DD232F31D5B21040085257F /* Supporting Files */ = {
			isa = PBXGroup;
			children = (
				2DD232F41D5B21040085257F /* main.m */,
			);
			name = "Supporting Files";
			sourceTree = "<group>";
		};
		576B2C9AB3952E49A283631F /* Frameworks */ = {
			isa = PBXGroup;
			children = (
				FC325FC72C8567D6C1496625 /* libPods-TemplateApp.a */,
			);
			name = Frameworks;
			sourceTree = "<group>";
		};
		92EB82CBA0981DDB42F2910F /* Pods */ = {
			isa = PBXGroup;
			children = (
				8C296E37DE576C3E597F31C1 /* Pods-TemplateApp.debug.xcconfig */,
				1CFA00ADA2C9E6A588338FB0 /* Pods-TemplateApp.release.xcconfig */,
			);
			name = Pods;
			sourceTree = "<group>";
		};
/* End PBXGroup section */

/* Begin PBXNativeTarget section */
		2DD232EF1D5B21040085257F /* TemplateApp */ = {
			isa = PBXNativeTarget;
			buildConfigurationList = 2DD233071D5B21040085257F /* Build configuration list for PBXNativeTarget "TemplateApp" */;
			buildPhases = (
				99AC915140A91057F92FCA35 /* [CP] Check Pods Manifest.lock */,
				2DD232EC1D5B21040085257F /* Sources */,
				2DD232ED1D5B21040085257F /* Frameworks */,
				2DD232EE1D5B21040085257F /* Resources */,
				D1E8DAE407B5B511CB979CD4 /* [CP] Embed Pods Frameworks */,
				D87C119DBC874A3CF7D7DF10 /* [CP] Copy Pods Resources */,
			);
			buildRules = (
			);
			dependencies = (
			);
			name = TemplateApp;
			productName = TemplateApp;
			productReference = 2DD232F01D5B21040085257F /* TemplateApp.app */;
			productType = "com.apple.product-type.application";
		};
/* End PBXNativeTarget section */

/* Begin PBXProject section */
		2DD232E81D5B21040085257F /* Project object */ = {
			isa = PBXProject;
			attributes = {
				LastUpgradeCheck = 0730;
				ORGANIZATIONNAME = CharlyZhang;
				TargetAttributes = {
					2DD232EF1D5B21040085257F = {
						CreatedOnToolsVersion = 7.3.1;
						DevelopmentTeam = JWD48Y236P;
					};
				};
			};
			buildConfigurationList = 2DD232EB1D5B21040085257F /* Build configuration list for PBXProject "TemplateApp" */;
			compatibilityVersion = "Xcode 3.2";
			developmentRegion = English;
			hasScannedForEncodings = 0;
			knownRegions = (
				en,
				Base,
			);
			mainGroup = 2DD232E71D5B21040085257F;
			productRefGroup = 2DD232F11D5B21040085257F /* Products */;
			projectDirPath = "";
			projectRoot = "";
			targets = (
				2DD232EF1D5B21040085257F /* TemplateApp */,
			);
		};
/* End PBXProject section */

/* Begin PBXResourcesBuildPhase section */
		2DD232EE1D5B21040085257F /* Resources */ = {
			isa = PBXResourcesBuildPhase;
			buildActionMask = 2147483647;
			files = (
				2DD233031D5B21040085257F /* LaunchScreen.storyboard in Resources */,
				2DD233001D5B21040085257F /* Assets.xcassets in Resources */,
				2DD232FE1D5B21040085257F /* Main.storyboard in Resources */,
			);
			runOnlyForDeploymentPostprocessing = 0;
		};
/* End PBXResourcesBuildPhase section */

/* Begin PBXShellScriptBuildPhase section */
		99AC915140A91057F92FCA35 /* [CP] Check Pods Manifest.lock */ = {
			isa = PBXShellScriptBuildPhase;
			buildActionMask = 2147483647;
			files = (
			);
			inputPaths = (
			);
			name = "[CP] Check Pods Manifest.lock";
			outputPaths = (
			);
			runOnlyForDeploymentPostprocessing = 0;
			shellPath = /bin/sh;
			shellScript = "diff \"${PODS_ROOT}/../Podfile.lock\" \"${PODS_ROOT}/Manifest.lock\" > /dev/null\nif [[ $? != 0 ]] ; then\n    cat << EOM\nerror: The sandbox is not in sync with the Podfile.lock. Run 'pod install' or update your CocoaPods installation.\nEOM\n    exit 1\nfi\n";
			showEnvVarsInLog = 0;
		};
		D1E8DAE407B5B511CB979CD4 /* [CP] Embed Pods Frameworks */ = {
			isa = PBXShellScriptBuildPhase;
			buildActionMask = 2147483647;
			files = (
			);
			inputPaths = (
			);
			name = "[CP] Embed Pods Frameworks";
			outputPaths = (
			);
			runOnlyForDeploymentPostprocessing = 0;
			shellPath = /bin/sh;
			shellScript = "\"${SRCROOT}/Pods/Target Support Files/Pods-TemplateApp/Pods-TemplateApp-frameworks.sh\"\n";
			showEnvVarsInLog = 0;
		};
		D87C119DBC874A3CF7D7DF10 /* [CP] Copy Pods Resources */ = {
			isa = PBXShellScriptBuildPhase;
			buildActionMask = 2147483647;
			files = (
			);
			inputPaths = (
			);
			name = "[CP] Copy Pods Resources";
			outputPaths = (
			);
			runOnlyForDeploymentPostprocessing = 0;
			shellPath = /bin/sh;
			shellScript = "\"${SRCROOT}/Pods/Target Support Files/Pods-TemplateApp/Pods-TemplateApp-resources.sh\"\n";
			showEnvVarsInLog = 0;
		};
/* End PBXShellScriptBuildPhase section */

/* Begin PBXSourcesBuildPhase section */
		2DD232EC1D5B21040085257F /* Sources */ = {
			isa = PBXSourcesBuildPhase;
			buildActionMask = 2147483647;
			files = (
				2DD232FB1D5B21040085257F /* ViewController.m in Sources */,
				2DD232F81D5B21040085257F /* AppDelegate.m in Sources */,
				2DD232F51D5B21040085257F /* main.m in Sources */,
			);
			runOnlyForDeploymentPostprocessing = 0;
		};
/* End PBXSourcesBuildPhase section */

/* Begin PBXVariantGroup section */
		2DD232FC1D5B21040085257F /* Main.storyboard */ = {
			isa = PBXVariantGroup;
			children = (
				2DD232FD1D5B21040085257F /* Base */,
			);
			name = Main.storyboard;
			sourceTree = "<group>";
		};
		2DD233011D5B21040085257F /* LaunchScreen.storyboard */ = {
			isa = PBXVariantGroup;
			children = (
				2DD233021D5B21040085257F /* Base */,
			);
			name = LaunchScreen.storyboard;
			sourceTree = "<group>";
		};
/* End PBXVariantGroup section */

/* Begin XCBuildConfiguration section */
		2DD233051D5B21040085257F /* Debug */ = {
			isa = XCBuildConfiguration;
			buildSettings = {
				ALWAYS_SEARCH_USER_PATHS = NO;
				CLANG_ANALYZER_NONNULL = YES;
				CLANG_CXX_LANGUAGE_STANDARD = "gnu++0x";
				CLANG_CXX_LIBRARY = "libc++";
				CLANG_ENABLE_MODULES = YES;
				CLANG_ENABLE_OBJC_ARC = YES;
				CLANG_WARN_BOOL_CONVERSION = YES;
				CLANG_WARN_CONSTANT_CONVERSION = YES;
				CLANG_WARN_DIRECT_OBJC_ISA_USAGE = YES_ERROR;
				CLANG_WARN_EMPTY_BODY = YES;
				CLANG_WARN_ENUM_CONVERSION = YES;
				CLANG_WARN_INT_CONVERSION = YES;
				CLANG_WARN_OBJC_ROOT_CLASS = YES_ERROR;
				CLANG_WARN_UNREACHABLE_CODE = YES;
				CLANG_WARN__DUPLICATE_METHOD_MATCH = YES;
				"CODE_SIGN_IDENTITY[sdk=iphoneos*]" = "iPhone Developer";
				COPY_PHASE_STRIP = NO;
				DEBUG_INFORMATION_FORMAT = dwarf;
				ENABLE_STRICT_OBJC_MSGSEND = YES;
				ENABLE_TESTABILITY = YES;
				GCC_C_LANGUAGE_STANDARD = gnu99;
				GCC_DYNAMIC_NO_PIC = NO;
				GCC_NO_COMMON_BLOCKS = YES;
				GCC_OPTIMIZATION_LEVEL = 0;
				GCC_PREPROCESSOR_DEFINITIONS = (
					"DEBUG=1",
					"$(inherited)",
				);
				GCC_WARN_64_TO_32_BIT_CONVERSION = YES;
				GCC_WARN_ABOUT_RETURN_TYPE = YES_ERROR;
				GCC_WARN_UNDECLARED_SELECTOR = YES;
				GCC_WARN_UNINITIALIZED_AUTOS = YES_AGGRESSIVE;
				GCC_WARN_UNUSED_FUNCTION = YES;
				GCC_WARN_UNUSED_VARIABLE = YES;
				IPHONEOS_DEPLOYMENT_TARGET = 9.3;
				MTL_ENABLE_DEBUG_INFO = YES;
				ONLY_ACTIVE_ARCH = YES;
				SDKROOT = iphoneos;
				TARGETED_DEVICE_FAMILY = "1,2";
			};
			name = Debug;
		};
		2DD233061D5B21040085257F /* Release */ = {
			isa = XCBuildConfiguration;
			buildSettings = {
				ALWAYS_SEARCH_USER_PATHS = NO;
				CLANG_ANALYZER_NONNULL = YES;
				CLANG_CXX_LANGUAGE_STANDARD = "gnu++0x";
				CLANG_CXX_LIBRARY = "libc++";
				CLANG_ENABLE_MODULES = YES;
				CLANG_ENABLE_OBJC_ARC = YES;
				CLANG_WARN_BOOL_CONVERSION = YES;
				CLANG_WARN_CONSTANT_CONVERSION = YES;
				CLANG_WARN_DIRECT_OBJC_ISA_USAGE = YES_ERROR;
				CLANG_WARN_EMPTY_BODY = YES;
				CLANG_WARN_ENUM_CONVERSION = YES;
				CLANG_WARN_INT_CONVERSION = YES;
				CLANG_WARN_OBJC_ROOT_CLASS = YES_ERROR;
				CLANG_WARN_UNREACHABLE_CODE = YES;
				CLANG_WARN__DUPLICATE_METHOD_MATCH = YES;
				"CODE_SIGN_IDENTITY[sdk=iphoneos*]" = "iPhone Developer";
				COPY_PHASE_STRIP = NO;
				DEBUG_INFORMATION_FORMAT = "dwarf-with-dsym";
				ENABLE_NS_ASSERTIONS = NO;
				ENABLE_STRICT_OBJC_MSGSEND = YES;
				GCC_C_LANGUAGE_STANDARD = gnu99;
				GCC_NO_COMMON_BLOCKS = YES;
				GCC_WARN_64_TO_32_BIT_CONVERSION = YES;
				GCC_WARN_ABOUT_RETURN_TYPE = YES_ERROR;
				GCC_WARN_UNDECLARED_SELECTOR = YES;
				GCC_WARN_UNINITIALIZED_AUTOS = YES_AGGRESSIVE;
				GCC_WARN_UNUSED_FUNCTION = YES;
				GCC_WARN_UNUSED_VARIABLE = YES;
				IPHONEOS_DEPLOYMENT_TARGET = 9.3;
				MTL_ENABLE_DEBUG_INFO = NO;
				SDKROOT = iphoneos;
				TARGETED_DEVICE_FAMILY = "1,2";
				VALIDATE_PRODUCT = YES;
			};
			name = Release;
		};
		2DD233081D5B21040085257F /* Debug */ = {
			isa = XCBuildConfiguration;
			baseConfigurationReference = 8C296E37DE576C3E597F31C1 /* Pods-TemplateApp.debug.xcconfig */;
			buildSettings = {
				ASSETCATALOG_COMPILER_APPICON_NAME = AppIcon;
				CODE_SIGN_IDENTITY = "iPhone Developer";
				GCC_PRECOMPILE_PREFIX_HEADER = YES;
				GCC_PREFIX_HEADER = "$(SRCROOT)/TemplateApp/TemplateApp-Prefix.pch";
				INFOPLIST_FILE = TemplateApp/Info.plist;
				LD_RUNPATH_SEARCH_PATHS = "$(inherited) @executable_path/Frameworks";
				PRODUCT_BUNDLE_IDENTIFIER = com.founder.TemplateApp;
				PRODUCT_NAME = "$(TARGET_NAME)";
			};
			name = Debug;
		};
		2DD233091D5B21040085257F /* Release */ = {
			isa = XCBuildConfiguration;
			baseConfigurationReference = 1CFA00ADA2C9E6A588338FB0 /* Pods-TemplateApp.release.xcconfig */;
			buildSettings = {
				ASSETCATALOG_COMPILER_APPICON_NAME = AppIcon;
				CODE_SIGN_IDENTITY = "iPhone Developer";
				GCC_PRECOMPILE_PREFIX_HEADER = YES;
				GCC_PREFIX_HEADER = "$(SRCROOT)/TemplateApp/TemplateApp-Prefix.pch";
				INFOPLIST_FILE = TemplateApp/Info.plist;
				LD_RUNPATH_SEARCH_PATHS = "$(inherited) @executable_path/Frameworks";
				PRODUCT_BUNDLE_IDENTIFIER = com.founder.TemplateApp;
				PRODUCT_NAME = "$(TARGET_NAME)";
			};
			name = Release;
		};
/* End XCBuildConfiguration section */

/* Begin XCConfigurationList section */
		2DD232EB1D5B21040085257F /* Build configuration list for PBXProject "TemplateApp" */ = {
			isa = XCConfigurationList;
			buildConfigurations = (
				2DD233051D5B21040085257F /* Debug */,
				2DD233061D5B21040085257F /* Release */,
			);
			defaultConfigurationIsVisible = 0;
			defaultConfigurationName = Release;
		};
		2DD233071D5B21040085257F /* Build configuration list for PBXNativeTarget "TemplateApp" */ = {
			isa = XCConfigurationList;
			buildConfigurations = (
				2DD233081D5B21040085257F /* Debug */,
				2DD233091D5B21040085257F /* Release */,
			);
			defaultConfigurationIsVisible = 0;
			defaultConfigurationName = Release;
		};
/* End XCConfigurationList section */
	};
	rootObject = 2DD232E81D5B21040085257F /* Project object */;
}
